{
  "nodes": {
    "cligen": {
      "inputs": {
        "flakeNimbleLib": [
          "flakeNimbleLib"
        ],
        "nixpkgs": [
          "nixpkgs"
        ],
        "src-cligen-v1_5_23": "src-cligen-v1_5_23"
      },
      "locked": {
        "dir": "v1_5_23",
        "lastModified": 1648152293,
        "narHash": "sha256-chQE0VNTamd11xDkYOyirPQH/0ADwtU4ECpEJIUkitU=",
        "owner": "nim-nix-pkgs",
        "repo": "cligen",
        "rev": "5add6a32b82f4fd6649c8a5319e628e69cde5669",
        "type": "github"
      },
      "original": {
        "dir": "v1_5_23",
        "owner": "nim-nix-pkgs",
        "ref": "master",
        "repo": "cligen",
        "type": "github"
      }
    },
    "flakeNimbleLib": {
      "inputs": {
        "nixpkgs": [
          "nixpkgs"
        ]
      },
      "locked": {
        "lastModified": 1648105061,
        "narHash": "sha256-Je25qNlH4xrH3+m6vIq6yPvdfQ80FRTwX4JOhrRLduc=",
        "owner": "riinr",
        "repo": "nim-flakes-lib",
        "rev": "f1ec5e2f15b9f717c33b6942ce7cb344ff868522",
        "type": "github"
      },
      "original": {
        "owner": "riinr",
        "ref": "master",
        "repo": "nim-flakes-lib",
        "type": "github"
      }
    },
    "nimquery": {
      "inputs": {
        "flakeNimbleLib": [
          "flakeNimbleLib"
        ],
        "nixpkgs": [
          "nixpkgs"
        ],
        "src-nimquery-v1_2_3": "src-nimquery-v1_2_3"
      },
      "locked": {
        "dir": "v1_2_3",
        "lastModified": 1648107896,
        "narHash": "sha256-xUV04wf1C0lbAkXl/xKTof+iiSQsHLQaHW6u2ukscFo=",
        "owner": "nim-nix-pkgs",
        "repo": "nimquery",
        "rev": "e0a5ba4628027ce5069f6c064b56f671e9fb9a00",
        "type": "github"
      },
      "original": {
        "dir": "v1_2_3",
        "owner": "nim-nix-pkgs",
        "ref": "master",
        "repo": "nimquery",
        "type": "github"
      }
    },
    "nixpkgs": {
      "locked": {
        "narHash": "sha256-sK1Ow//80EKE3bAF5d+2gB8vPXw6m5TBk3wSLHvdVe0=",
        "path": "/nix/store/0yqgkbpmsk7ck4s34wk505sfdd9vils4-source",
        "type": "path"
      },
      "original": {
        "id": "nixpkgs",
        "type": "indirect"
      }
    },
    "root": {
      "inputs": {
        "cligen": "cligen",
        "flakeNimbleLib": "flakeNimbleLib",
        "nimquery": "nimquery",
        "nixpkgs": "nixpkgs",
        "src-tam-v0_1_2": "src-tam-v0_1_2",
        "tiny_sqlite": "tiny_sqlite"
      }
    },
    "src-cligen-v1_5_23": {
      "flake": false,
      "locked": {
        "lastModified": 1647952908,
        "narHash": "sha256-rcledZbmcAXs0l5uQRmOennyMiw4G+zye6frGqksjyA=",
        "owner": "c-blake",
        "repo": "cligen",
        "rev": "cac47b08172978dad61d08debd0e68c3f249a3f7",
        "type": "github"
      },
      "original": {
        "owner": "c-blake",
        "ref": "refs/tags/v1.5.23",
        "repo": "cligen",
        "type": "github"
      }
    },
    "src-nimquery-v1_2_3": {
      "flake": false,
      "locked": {
        "lastModified": 1620153342,
        "narHash": "sha256-Gg5hFuuGAuLo9JoqZRA0sphX6saEeUeOLpR/yaaa4P4=",
        "owner": "GULPF",
        "repo": "nimquery",
        "rev": "419fcca22db5ddba45cbcd146358503270a79d32",
        "type": "github"
      },
      "original": {
        "owner": "GULPF",
        "ref": "refs/tags/v1.2.3",
        "repo": "nimquery",
        "type": "github"
      }
    },
    "src-tam-v0_1_2": {
      "flake": false,
      "locked": {
        "lastModified": 1591426417,
        "narHash": "sha256-TvdLjKpqb44MKlsv+l3J8nFRCAMUqBEvLREdmXsblr8=",
        "owner": "SolitudeSF",
        "repo": "tam",
        "rev": "dde68ff7bb9b4ba9f0e0c05334f2b4bdc547b495",
        "type": "github"
      },
      "original": {
        "owner": "SolitudeSF",
        "ref": "refs/tags/v0.1.2",
        "repo": "tam",
        "type": "github"
      }
    },
    "src-tiny_sqlite-master": {
      "flake": false,
      "locked": {
        "lastModified": 1603223236,
        "narHash": "sha256-dsL4ygfEIuOSZf1A0Ov6pllf3KZqa5cg5GQVD3c1h1w=",
        "owner": "GULPF",
        "repo": "tiny_sqlite",
        "rev": "8fe760d91da18faecdbe32a7038bfd4661bcf1b6",
        "type": "github"
      },
      "original": {
        "owner": "GULPF",
        "ref": "refs/heads/master",
        "repo": "tiny_sqlite",
        "type": "github"
      }
    },
    "src-tiny_sqlite-v0_1_1": {
      "flake": false,
      "locked": {
        "lastModified": 1549148788,
        "narHash": "sha256-ETEA/DzXLnpJnLzfRq9NkE6maH/zbMxYKmf5o8tO8IY=",
        "owner": "GULPF",
        "repo": "tiny_sqlite",
        "rev": "de5daf2076f11c7e1d04e6d79b6ba6447fe6cda0",
        "type": "github"
      },
      "original": {
        "owner": "GULPF",
        "ref": "refs/tags/v0.1.1",
        "repo": "tiny_sqlite",
        "type": "github"
      }
    },
    "src-tiny_sqlite-v0_1_2": {
      "flake": false,
      "locked": {
        "lastModified": 1569656927,
        "narHash": "sha256-edmtrnp+S6f5tp68gZu2xeFnuDNeKOF/jxojrGHg2gY=",
        "owner": "GULPF",
        "repo": "tiny_sqlite",
        "rev": "d227e3acc3375c6a66d964fd9c381839cd4f5c5c",
        "type": "github"
      },
      "original": {
        "owner": "GULPF",
        "ref": "refs/tags/v0.1.2",
        "repo": "tiny_sqlite",
        "type": "github"
      }
    },
    "tiny_sqlite": {
      "inputs": {
        "flakeNimbleLib": [
          "flakeNimbleLib"
        ],
        "nixpkgs": [
          "nixpkgs"
        ],
        "tiny_sqlite-master": "tiny_sqlite-master",
        "tiny_sqlite-v0_1_1": "tiny_sqlite-v0_1_1",
        "tiny_sqlite-v0_1_2": "tiny_sqlite-v0_1_2"
      },
      "locked": {
        "lastModified": 1648108177,
        "narHash": "sha256-EOfcfyTsWvxpmsUjziOyFOQ6JtsJ3yURuU6dsszGcUc=",
        "owner": "nim-nix-pkgs",
        "repo": "tiny_sqlite",
        "rev": "dce385c1c0352cfea4f8723799a061c040443372",
        "type": "github"
      },
      "original": {
        "owner": "nim-nix-pkgs",
        "ref": "master",
        "repo": "tiny_sqlite",
        "type": "github"
      }
    },
    "tiny_sqlite-master": {
      "inputs": {
        "flakeNimbleLib": [
          "tiny_sqlite",
          "flakeNimbleLib"
        ],
        "nixpkgs": [
          "tiny_sqlite",
          "nixpkgs"
        ],
        "src-tiny_sqlite-master": "src-tiny_sqlite-master"
      },
      "locked": {
        "dir": "master",
        "lastModified": 1648108177,
        "narHash": "sha256-EOfcfyTsWvxpmsUjziOyFOQ6JtsJ3yURuU6dsszGcUc=",
        "owner": "nim-nix-pkgs",
        "repo": "tiny_sqlite",
        "rev": "dce385c1c0352cfea4f8723799a061c040443372",
        "type": "github"
      },
      "original": {
        "dir": "master",
        "owner": "nim-nix-pkgs",
        "ref": "master",
        "repo": "tiny_sqlite",
        "type": "github"
      }
    },
    "tiny_sqlite-v0_1_1": {
      "inputs": {
        "flakeNimbleLib": [
          "tiny_sqlite",
          "flakeNimbleLib"
        ],
        "nixpkgs": [
          "tiny_sqlite",
          "nixpkgs"
        ],
        "src-tiny_sqlite-v0_1_1": "src-tiny_sqlite-v0_1_1"
      },
      "locked": {
        "dir": "v0_1_1",
        "lastModified": 1648108177,
        "narHash": "sha256-EOfcfyTsWvxpmsUjziOyFOQ6JtsJ3yURuU6dsszGcUc=",
        "owner": "nim-nix-pkgs",
        "repo": "tiny_sqlite",
        "rev": "dce385c1c0352cfea4f8723799a061c040443372",
        "type": "github"
      },
      "original": {
        "dir": "v0_1_1",
        "owner": "nim-nix-pkgs",
        "ref": "master",
        "repo": "tiny_sqlite",
        "type": "github"
      }
    },
    "tiny_sqlite-v0_1_2": {
      "inputs": {
        "flakeNimbleLib": [
          "tiny_sqlite",
          "flakeNimbleLib"
        ],
        "nixpkgs": [
          "tiny_sqlite",
          "nixpkgs"
        ],
        "src-tiny_sqlite-v0_1_2": "src-tiny_sqlite-v0_1_2"
      },
      "locked": {
        "dir": "v0_1_2",
        "lastModified": 1648108177,
        "narHash": "sha256-EOfcfyTsWvxpmsUjziOyFOQ6JtsJ3yURuU6dsszGcUc=",
        "owner": "nim-nix-pkgs",
        "repo": "tiny_sqlite",
        "rev": "dce385c1c0352cfea4f8723799a061c040443372",
        "type": "github"
      },
      "original": {
        "dir": "v0_1_2",
        "owner": "nim-nix-pkgs",
        "ref": "master",
        "repo": "tiny_sqlite",
        "type": "github"
      }
    }
  },
  "root": "root",
  "version": 7
}
